// !$*UTF8*$!
{
	archiveVersion = 1;
	classes = {
	};
	objectVersion = 77;
	objects = {

/* Begin PBXContainerItemProxy section */
		0E3169262FCB462700E0D195 /* PBXContainerItemProxy */ = {
			isa = PBXContainerItemProxy;
			containerPortal = 0E3169102FCB462500E0D195 /* Project object */;
			proxyType = 1;
			remoteGlobalIDString = 0E3169172FCB462500E0D195;
			remoteInfo = YentlMatchmaker;
		};
		0E3169302FCB462700E0D195 /* PBXContainerItemProxy */ = {
			isa = PBXContainerItemProxy;
			containerPortal = 0E3169102FCB462500E0D195 /* Project object */;
			proxyType = 1;
			remoteGlobalIDString = 0E3169172FCB462500E0D195;
			remoteInfo = YentlMatchmaker;
		};
/* End PBXContainerItemProxy section */

/* Begin PBXFileReference section */
		0E3169182FCB462500E0D195 /* YentlMatchmaker.app */ = {isa = PBXFileReference; explicitFileType = wrapper.application; includeInIndex = 0; path = YentlMatchmaker.app; sourceTree = BUILT_PRODUCTS_DIR; };
		0E3169252FCB462700E0D195 /* YentlMatchmakerTests.xctest */ = {isa = PBXFileReference; explicitFileType = wrapper.cfbundle; includeInIndex = 0; path = YentlMatchmakerTests.xctest; sourceTree = BUILT_PRODUCTS_DIR; };
		0E31692F2FCB462700E0D195 /* YentlMatchmakerUITests.xctest */ = {isa = PBXFileReference; explicitFileType = wrapper.cfbundle; includeInIndex = 0; path = YentlMatchmakerUITests.xctest; sourceTree = BUILT_PRODUCTS_DIR; };
/* End PBXFileReference section */

/* Begin PBXFileSystemSynchronizedBuildFileExceptionSet section */
		0E31696A2FCB90A300E0D195 /* Exceptions for "YentlMatchmaker" folder in "YentlMatchmaker" target */ = {
			isa = PBXFileSystemSynchronizedBuildFileExceptionSet;
			membershipExceptions = (
				Info.plist,
			);
			target = 0E3169172FCB462500E0D195 /* YentlMatchmaker */;
		};
/* End PBXFileSystemSynchronizedBuildFileExceptionSet section */

/* Begin PBXFileSystemSynchronizedRootGroup section */
		0E31691A2FCB462500E0D195 /* YentlMatchmaker */ = {
			isa = PBXFileSystemSynchronizedRootGroup;
			exceptions = (
				0E31696A2FCB90A300E0D195 /* Exceptions for "YentlMatchmaker" folder in "YentlMatchmaker" target */,
			);
			path = YentlMatchmaker;
			sourceTree = "<group>";
		};
		0E3169282FCB462700E0D195 /* YentlMatchmakerTests */ = {
			isa = PBXFileSystemSynchronizedRootGroup;
			path = YentlMatchmakerTests;
			sourceTree = "<group>";
		};
		0E3169322FCB462700E0D195 /* YentlMatchmakerUITests */ = {
			isa = PBXFileSystemSynchronizedRootGroup;
			path = YentlMatchmakerUITests;
			sourceTree = "<group>";
		};
/* End PBXFileSystemSynchronizedRootGroup section */

/* Begin PBXFrameworksBuildPhase section */
		0E3169152FCB462500E0D195 /* Frameworks */ = {
			isa = PBXFrameworksBuildPhase;
			buildActionMask = 2147483647;
			files = (
			);
			runOnlyForDeploymentPostprocessing = 0;
		};
		0E3169222FCB462700E0D195 /* Frameworks */ = {
			isa = PBXFrameworksBuildPhase;
			buildActionMask = 2147483647;
			files = (
			);
			runOnlyForDeploymentPostprocessing = 0;
		};
		0E31692C2FCB462700E0D195 /* Frameworks */ = {
			isa = PBXFrameworksBuildPhase;
			buildActionMask = 2147483647;
			files = (
			);
			runOnlyForDeploymentPostprocessing = 0;
		};
/* End PBXFrameworksBuildPhase section */

/* Begin PBXGroup section */
		0E31690F2FCB462500E0D195 = {
			isa = PBXGroup;
			children = (
				0E31691A2FCB462500E0D195 /* YentlMatchmaker */,
				0E3169282FCB462700E0D195 /* YentlMatchmakerTests */,
				0E3169322FCB462700E0D195 /* YentlMatchmakerUITests */,
				0E3169192FCB462500E0D195 /* Products */,
			);
			sourceTree = "<group>";
		};
		0E3169192FCB462500E0D195 /* Products */ = {
			isa = PBXGroup;
			children = (
				0E3169182FCB462500E0D195 /* YentlMatchmaker.app */,
				0E3169252FCB462700E0D195 /* YentlMatchmakerTests.xctest */,
				0E31692F2FCB462700E0D195 /* YentlMatchmakerUITests.xctest */,
			);
			name = Products;
			sourceTree = "<group>";
		};
/* End PBXGroup section */

/* Begin PBXNativeTarget section */
		0E3169172FCB462500E0D195 /* YentlMatchmaker */ = {
			isa = PBXNativeTarget;
			buildConfigurationList = 0E3169392FCB462700E0D195 /* Build configuration list for PBXNativeTarget "YentlMatchmaker" */;
			buildPhases = (
				0E3169142FCB462500E0D195 /* Sources */,
				0E3169152FCB462500E0D195 /* Frameworks */,
				0E3169162FCB462500E0D195 /* Resources */,
			);
			buildRules = (
			);
			dependencies = (
			);
			fileSystemSynchronizedGroups = (
				0E31691A2FCB462500E0D195 /* YentlMatchmaker */,
			);
			name = YentlMatchmaker;
			packageProductDependencies = (
			);
			productName = YentlMatchmaker;
			productReference = 0E3169182FCB462500E0D195 /* YentlMatchmaker.app */;
			productType = "com.apple.product-type.application";
		};
		0E3169242FCB462700E0D195 /* YentlMatchmakerTests */ = {
			isa = PBXNativeTarget;
			buildConfigurationList = 0E31693C2FCB462700E0D195 /* Build configuration list for PBXNativeTarget "YentlMatchmakerTests" */;
			buildPhases = (
				0E3169212FCB462700E0D195 /* Sources */,
				0E3169222FCB462700E0D195 /* Frameworks */,
				0E3169232FCB462700E0D195 /* Resources */,
			);
			buildRules = (
			);
			dependencies = (
				0E3169272FCB462700E0D195 /* PBXTargetDependency */,
			);
			fileSystemSynchronizedGroups = (
				0E3169282FCB462700E0D195 /* YentlMatchmakerTests */,
			);
			name = YentlMatchmakerTests;
			packageProductDependencies = (
			);
			productName = YentlMatchmakerTests;
			productReference = 0E3169252FCB462700E0D195 /* YentlMatchmakerTests.xctest */;
			productType = "com.apple.product-type.bundle.unit-test";
		};
		0E31692E2FCB462700E0D195 /* YentlMatchmakerUITests */ = {
			isa = PBXNativeTarget;
			buildConfigurationList = 0E31693F2FCB462700E0D195 /* Build configuration list for PBXNativeTarget "YentlMatchmakerUITests" */;
			buildPhases = (
				0E31692B2FCB462700E0D195 /* Sources */,
				0E31692C2FCB462700E0D195 /* Frameworks */,
				0E31692D2FCB462700E0D195 /* Resources */,
			);
			buildRules = (
			);
			dependencies = (
				0E3169312FCB462700E0D195 /* PBXTargetDependency */,
			);
			fileSystemSynchronizedGroups = (
				0E3169322FCB462700E0D195 /* YentlMatchmakerUITests */,
			);
			name = YentlMatchmakerUITests;
			packageProductDependencies = (
			);
			productName = YentlMatchmakerUITests;
			productReference = 0E31692F2FCB462700E0D195 /* YentlMatchmakerUITests.xctest */;
			productType = "com.apple.product-type.bundle.ui-testing";
		};
/* End PBXNativeTarget section */

/* Begin PBXProject section */
		0E3169102FCB462500E0D195 /* Project object */ = {
			isa = PBXProject;
			attributes = {
				BuildIndependentTargetsInParallel = 1;
				LastSwiftUpdateCheck = 2650;
				LastUpgradeCheck = 2650;
				TargetAttributes = {
					0E3169172FCB462500E0D195 = {
						CreatedOnToolsVersion = 26.5;
					};
					0E3169242FCB462700E0D195 = {
						CreatedOnToolsVersion = 26.5;
						TestTargetID = 0E3169172FCB462500E0D195;
					};
					0E31692E2FCB462700E0D195 = {
						CreatedOnToolsVersion = 26.5;
						TestTargetID = 0E3169172FCB462500E0D195;
					};
				};
			};
			buildConfigurationList = 0E3169132FCB462500E0D195 /* Build configuration list for PBXProject "YentlMatchmaker" */;
			developmentRegion = en;
			hasScannedForEncodings = 0;
			knownRegions = (
				en,
				Base,
			);
			mainGroup = 0E31690F2FCB462500E0D195;
			minimizedProjectReferenceProxies = 1;
			packageReferences = (
				0E3169422FCB46C800E0D195 /* XCLocalSwiftPackageReference "../../shared" */,
			);
			preferredProjectObjectVersion = 77;
			productRefGroup = 0E3169192FCB462500E0D195 /* Products */;
			projectDirPath = "";
			projectRoot = "";
			targets = (
				0E3169172FCB462500E0D195 /* YentlMatchmaker */,
				0E3169242FCB462700E0D195 /* YentlMatchmakerTests */,
				0E31692E2FCB462700E0D195 /* YentlMatchmakerUITests */,
			);
		};
/* End PBXProject section */

/* Begin PBXResourcesBuildPhase section */
		0E3169162FCB462500E0D195 /* Resources */ = {
			isa = PBXResourcesBuildPhase;
			buildActionMask = 2147483647;
			files = (
			);
			runOnlyForDeploymentPostprocessing = 0;
		};
		0E3169232FCB462700E0D195 /* Resources */ = {
			isa = PBXResourcesBuildPhase;
			buildActionMask = 2147483647;
			files = (
			);
			runOnlyForDeploymentPostprocessing = 0;
		};
		0E31692D2FCB462700E0D195 /* Resources */ = {
			isa = PBXResourcesBuildPhase;
			buildActionMask = 2147483647;
			files = (
			);
			runOnlyForDeploymentPostprocessing = 0;
		};
/* End PBXResourcesBuildPhase section */

/* Begin PBXSourcesBuildPhase section */
		0E3169142FCB462500E0D195 /* Sources */ = {
			isa = PBXSourcesBuildPhase;
			buildActionMask = 2147483647;
			files = (
			);
			runOnlyForDeploymentPostprocessing = 0;
		};
		0E3169212FCB462700E0D195 /* Sources */ = {
			isa = PBXSourcesBuildPhase;
			buildActionMask = 2147483647;
			files = (
			);
			runOnlyForDeploymentPostprocessing = 0;
		};
		0E31692B2FCB462700E0D195 /* Sources */ = {
			isa = PBXSourcesBuildPhase;
			buildActionMask = 2147483647;
			files = (
			);
			runOnlyForDeploymentPostprocessing = 0;
		};
/* End PBXSourcesBuildPhase section */

/* Begin PBXTargetDependency section */
		0E3169272FCB462700E0D195 /* PBXTargetDependency */ = {
			isa = PBXTargetDependency;
			target = 0E3169172FCB462500E0D195 /* YentlMatchmaker */;
			targetProxy = 0E3169262FCB462700E0D195 /* PBXContainerItemProxy */;
		};
		0E3169312FCB462700E0D195 /* PBXTargetDependency */ = {
			isa = PBXTargetDependency;
			target = 0E3169172FCB462500E0D195 /* YentlMatchmaker */;
			targetProxy = 0E3169302FCB462700E0D195 /* PBXContainerItemProxy */;
		};
/* End PBXTargetDependency section */

/* Begin XCBuildConfiguration section */
		0E3169372FCB462700E0D195 /* Debug */ = {
			isa = XCBuildConfiguration;
			buildSettings = {
				ALWAYS_SEARCH_USER_PATHS = NO;
				ASSETCATALOG_COMPILER_GENERATE_SWIFT_ASSET_SYMBOL_EXTENSIONS = YES;
				CLANG_ANALYZER_NONNULL = YES;
				CLANG_ANALYZER_NUMBER_OBJECT_CONVERSION = YES_AGGRESSIVE;
				CLANG_CXX_LANGUAGE_STANDARD = "gnu++20";
				CLANG_ENABLE_MODULES = YES;
				CLANG_ENABLE_OBJC_ARC = YES;
				CLANG_ENABLE_OBJC_WEAK = YES;
				CLANG_WARN_BLOCK_CAPTURE_AUTORELEASING = YES;
				CLANG_WARN_BOOL_CONVERSION = YES;
				CLANG_WARN_COMMA = YES;
				CLANG_WARN_CONSTANT_CONVERSION = YES;
				CLANG_WARN_DEPRECATED_OBJC_IMPLEMENTATIONS = YES;
				CLANG_WARN_DIRECT_OBJC_ISA_USAGE = YES_ERROR;
				CLANG_WARN_DOCUMENTATION_COMMENTS = YES;
				CLANG_WARN_EMPTY_BODY = YES;
				CLANG_WARN_ENUM_CONVERSION = YES;
				CLANG_WARN_INFINITE_RECURSION = YES;
				CLANG_WARN_INT_CONVERSION = YES;
				CLANG_WARN_NON_LITERAL_NULL_CONVERSION = YES;
				CLANG_WARN_OBJC_IMPLICIT_RETAIN_SELF = YES;
				CLANG_WARN_OBJC_LITERAL_CONVERSION = YES;
				CLANG_WARN_OBJC_ROOT_CLASS = YES_ERROR;
				CLANG_WARN_QUOTED_INCLUDE_IN_FRAMEWORK_HEADER = YES;
				CLANG_WARN_RANGE_LOOP_ANALYSIS = YES;
				CLANG_WARN_STRICT_PROTOTYPES = YES;
				CLANG_WARN_SUSPICIOUS_MOVE = YES;
				CLANG_WARN_UNGUARDED_AVAILABILITY = YES_AGGRESSIVE;
				CLANG_WARN_UNREACHABLE_CODE = YES;
				CLANG_WARN__DUPLICATE_METHOD_MATCH = YES;
				COPY_PHASE_STRIP = NO;
				DEBUG_INFORMATION_FORMAT = dwarf;
				ENABLE_STRICT_OBJC_MSGSEND = YES;
				ENABLE_TESTABILITY = YES;
				ENABLE_USER_SCRIPT_SANDBOXING = YES;
				GCC_C_LANGUAGE_STANDARD = gnu17;
				GCC_DYNAMIC_NO_PIC = NO;
				GCC_NO_COMMON_BLOCKS = YES;
				GCC_OPTIMIZATION_LEVEL = 0;
				GCC_PREPROCESSOR_DEFINITIONS = (
					"DEBUG=1",
					"$(inherited)",
				);
				GCC_WARN_64_TO_32_BIT_CONVERSION = YES;
				GCC_WARN_ABOUT_RETURN_TYPE = YES_ERROR;
				GCC_WARN_UNDECLARED_SELECTOR = YES;
				GCC_WARN_UNINITIALIZED_AUTOS = YES_AGGRESSIVE;
				GCC_WARN_UNUSED_FUNCTION = YES;
				GCC_WARN_UNUSED_VARIABLE = YES;
				IPHONEOS_DEPLOYMENT_TARGET = 26.5;
				LOCALIZATION_PREFERS_STRING_CATALOGS = YES;
				MTL_ENABLE_DEBUG_INFO = INCLUDE_SOURCE;
				MTL_FAST_MATH = YES;
				ONLY_ACTIVE_ARCH = YES;
				SDKROOT = iphoneos;
				SWIFT_ACTIVE_COMPILATION_CONDITIONS = "DEBUG $(inherited)";
				SWIFT_OPTIMIZATION_LEVEL = "-Onone";
			};
			name = Debug;
		};
		0E3169382FCB462700E0D195 /* Release */ = {
			isa = XCBuildConfiguration;
			buildSettings = {
				ALWAYS_SEARCH_USER_PATHS = NO;
				ASSETCATALOG_COMPILER_GENERATE_SWIFT_ASSET_SYMBOL_EXTENSIONS = YES;
				CLANG_ANALYZER_NONNULL = YES;
				CLANG_ANALYZER_NUMBER_OBJECT_CONVERSION = YES_AGGRESSIVE;
				CLANG_CXX_LANGUAGE_STANDARD = "gnu++20";
				CLANG_ENABLE_MODULES = YES;
				CLANG_ENABLE_OBJC_ARC = YES;
				CLANG_ENABLE_OBJC_WEAK = YES;
				CLANG_WARN_BLOCK_CAPTURE_AUTORELEASING = YES;
				CLANG_WARN_BOOL_CONVERSION = YES;
				CLANG_WARN_COMMA = YES;
				CLANG_WARN_CONSTANT_CONVERSION = YES;
				CLANG_WARN_DEPRECATED_OBJC_IMPLEMENTATIONS = YES;
				CLANG_WARN_DIRECT_OBJC_ISA_USAGE = YES_ERROR;
				CLANG_WARN_DOCUMENTATION_COMMENTS = YES;
				CLANG_WARN_EMPTY_BODY = YES;
				CLANG_WARN_ENUM_CONVERSION = YES;
				CLANG_WARN_INFINITE_RECURSION = YES;
				CLANG_WARN_INT_CONVERSION = YES;
				CLANG_WARN_NON_LITERAL_NULL_CONVERSION = YES;
				CLANG_WARN_OBJC_IMPLICIT_RETAIN_SELF = YES;
				CLANG_WARN_OBJC_LITERAL_CONVERSION = YES;
				CLANG_WARN_OBJC_ROOT_CLASS = YES_ERROR;
				CLANG_WARN_QUOTED_INCLUDE_IN_FRAMEWORK_HEADER = YES;
				CLANG_WARN_RANGE_LOOP_ANALYSIS = YES;
				CLANG_WARN_STRICT_PROTOTYPES = YES;
				CLANG_WARN_SUSPICIOUS_MOVE = YES;
				CLANG_WARN_UNGUARDED_AVAILABILITY = YES_AGGRESSIVE;
				CLANG_WARN_UNREACHABLE_CODE = YES;
				CLANG_WARN__DUPLICATE_METHOD_MATCH = YES;
				COPY_PHASE_STRIP = NO;
				DEBUG_INFORMATION_FORMAT = "dwarf-with-dsym";
				ENABLE_NS_ASSERTIONS = NO;
				ENABLE_STRICT_OBJC_MSGSEND = YES;
				ENABLE_USER_SCRIPT_SANDBOXING = YES;
				GCC_C_LANGUAGE_STANDARD = gnu17;
				GCC_NO_COMMON_BLOCKS = YES;
				GCC_WARN_64_TO_32_BIT_CONVERSION = YES;
				GCC_WARN_ABOUT_RETURN_TYPE = YES_ERROR;
				GCC_WARN_UNDECLARED_SELECTOR = YES;
				GCC_WARN_UNINITIALIZED_AUTOS = YES_AGGRESSIVE;
				GCC_WARN_UNUSED_FUNCTION = YES;
				GCC_WARN_UNUSED_VARIABLE = YES;
				IPHONEOS_DEPLOYMENT_TARGET = 26.5;
				LOCALIZATION_PREFERS_STRING_CATALOGS = YES;
				MTL_ENABLE_DEBUG_INFO = NO;
				MTL_FAST_MATH = YES;
				SDKROOT = iphoneos;
				SWIFT_COMPILATION_MODE = wholemodule;
				VALIDATE_PRODUCT = YES;
			};
			name = Release;
		};
		0E31693A2FCB462700E0D195 /* Debug */ = {
			isa = XCBuildConfiguration;
			buildSettings = {
				ASSETCATALOG_COMPILER_APPICON_NAME = AppIcon;
				ASSETCATALOG_COMPILER_GLOBAL_ACCENT_COLOR_NAME = AccentColor;
				CODE_SIGN_STYLE = Automatic;
				CURRENT_PROJECT_VERSION = 1;
				ENABLE_PREVIEWS = YES;
				GENERATE_INFOPLIST_FILE = YES;
				INFOPLIST_FILE = YentlMatchmaker/Info.plist;
				INFOPLIST_KEY_CFBundleDisplayName = "Yentl Matchmaker";
				INFOPLIST_KEY_UIApplicationSceneManifest_Generation = YES;
				INFOPLIST_KEY_UIApplicationSupportsIndirectInputEvents = YES;
				INFOPLIST_KEY_UILaunchScreen_Generation = YES;
				INFOPLIST_KEY_UISupportedInterfaceOrientations_iPad = "UIInterfaceOrientationPortrait UIInterfaceOrientationPortraitUpsideDown UIInterfaceOrientationLandscapeLeft UIInterfaceOrientationLandscapeRight";
				INFOPLIST_KEY_UISupportedInterfaceOrientations_iPhone = "UIInterfaceOrientationPortrait UIInterfaceOrientationLandscapeLeft UIInterfaceOrientationLandscapeRight";
				IPHONEOS_DEPLOYMENT_TARGET = 17.6;
				LD_RUNPATH_SEARCH_PATHS = (
					"$(inherited)",
					"@executable_path/Frameworks",
				);
				MARKETING_VERSION = 1.0;
				PRODUCT_BUNDLE_IDENTIFIER = com.yentl.matchmaker;
				PRODUCT_NAME = "$(TARGET_NAME)";
				STRING_CATALOG_GENERATE_SYMBOLS = YES;
				SWIFT_APPROACHABLE_CONCURRENCY = YES;
				SWIFT_DEFAULT_ACTOR_ISOLATION = MainActor;
				SWIFT_EMIT_LOC_STRINGS = YES;
				SWIFT_UPCOMING_FEATURE_MEMBER_IMPORT_VISIBILITY = YES;
				SWIFT_VERSION = 5.0;
				TARGETED_DEVICE_FAMILY = "1,2";
			};
			name = Debug;
		};
		0E31693B2FCB462700E0D195 /* Release */ = {
			isa = XCBuildConfiguration;
			buildSettings = {
				ASSETCATALOG_COMPILER_APPICON_NAME = AppIcon;
				ASSETCATALOG_COMPILER_GLOBAL_ACCENT_COLOR_NAME = AccentColor;
				CODE_SIGN_STYLE = Automatic;
				CURRENT_PROJECT_VERSION = 1;
				ENABLE_PREVIEWS = YES;
				GENERATE_INFOPLIST_FILE = YES;
				INFOPLIST_FILE = YentlMatchmaker/Info.plist;
				INFOPLIST_KEY_CFBundleDisplayName = "Yentl Matchmaker";
				INFOPLIST_KEY_UIApplicationSceneManifest_Generation = YES;
				INFOPLIST_KEY_UIApplicationSupportsIndirectInputEvents = YES;
				INFOPLIST_KEY_UILaunchScreen_Generation = YES;
				INFOPLIST_KEY_UISupportedInterfaceOrientations_iPad = "UIInterfaceOrientationPortrait UIInterfaceOrientationPortraitUpsideDown UIInterfaceOrientationLandscapeLeft UIInterfaceOrientationLandscapeRight";
				INFOPLIST_KEY_UISupportedInterfaceOrientations_iPhone = "UIInterfaceOrientationPortrait UIInterfaceOrientationLandscapeLeft UIInterfaceOrientationLandscapeRight";
				IPHONEOS_DEPLOYMENT_TARGET = 17.6;
				LD_RUNPATH_SEARCH_PATHS = (
					"$(inherited)",
					"@executable_path/Frameworks",
				);
				MARKETING_VERSION = 1.0;
				PRODUCT_BUNDLE_IDENTIFIER = com.yentl.matchmaker;
				PRODUCT_NAME = "$(TARGET_NAME)";
				STRING_CATALOG_GENERATE_SYMBOLS = YES;
				SWIFT_APPROACHABLE_CONCURRENCY = YES;
				SWIFT_DEFAULT_ACTOR_ISOLATION = MainActor;
				SWIFT_EMIT_LOC_STRINGS = YES;
				SWIFT_UPCOMING_FEATURE_MEMBER_IMPORT_VISIBILITY = YES;
				SWIFT_VERSION = 5.0;
				TARGETED_DEVICE_FAMILY = "1,2";
			};
			name = Release;
		};
		0E31693D2FCB462700E0D195 /* Debug */ = {
			isa = XCBuildConfiguration;
			buildSettings = {
				BUNDLE_LOADER = "$(TEST_HOST)";
				CODE_SIGN_STYLE = Automatic;
				CURRENT_PROJECT_VERSION = 1;
				GENERATE_INFOPLIST_FILE = YES;
				IPHONEOS_DEPLOYMENT_TARGET = 26.5;
				MARKETING_VERSION = 1.0;
				PRODUCT_BUNDLE_IDENTIFIER = com.yentl.YentlMatchmakerTests;
				PRODUCT_NAME = "$(TARGET_NAME)";
				STRING_CATALOG_GENERATE_SYMBOLS = NO;
				SWIFT_APPROACHABLE_CONCURRENCY = YES;
				SWIFT_EMIT_LOC_STRINGS = NO;
				SWIFT_UPCOMING_FEATURE_MEMBER_IMPORT_VISIBILITY = YES;
				SWIFT_VERSION = 5.0;
				TARGETED_DEVICE_FAMILY = "1,2";
				TEST_HOST = "$(BUILT_PRODUCTS_DIR)/YentlMatchmaker.app/$(BUNDLE_EXECUTABLE_FOLDER_PATH)/YentlMatchmaker";
			};
			name = Debug;
		};
		0E31693E2FCB462700E0D195 /* Release */ = {
			isa = XCBuildConfiguration;
			buildSettings = {
				BUNDLE_LOADER = "$(TEST_HOST)";
				CODE_SIGN_STYLE = Automatic;
				CURRENT_PROJECT_VERSION = 1;
				GENERATE_INFOPLIST_FILE = YES;
				IPHONEOS_DEPLOYMENT_TARGET = 26.5;
				MARKETING_VERSION = 1.0;
				PRODUCT_BUNDLE_IDENTIFIER = com.yentl.YentlMatchmakerTests;
				PRODUCT_NAME = "$(TARGET_NAME)";
				STRING_CATALOG_GENERATE_SYMBOLS = NO;
				SWIFT_APPROACHABLE_CONCURRENCY = YES;
				SWIFT_EMIT_LOC_STRINGS = NO;
				SWIFT_UPCOMING_FEATURE_MEMBER_IMPORT_VISIBILITY = YES;
				SWIFT_VERSION = 5.0;
				TARGETED_DEVICE_FAMILY = "1,2";
				TEST_HOST = "$(BUILT_PRODUCTS_DIR)/YentlMatchmaker.app/$(BUNDLE_EXECUTABLE_FOLDER_PATH)/YentlMatchmaker";
			};
			name = Release;
		};
		0E3169402FCB462700E0D195 /* Debug */ = {
			isa = XCBuildConfiguration;
			buildSettings = {
				CODE_SIGN_STYLE = Automatic;
				CURRENT_PROJECT_VERSION = 1;
				GENERATE_INFOPLIST_FILE = YES;
				MARKETING_VERSION = 1.0;
				PRODUCT_BUNDLE_IDENTIFIER = com.yentl.YentlMatchmakerUITests;
				PRODUCT_NAME = "$(TARGET_NAME)";
				STRING_CATALOG_GENERATE_SYMBOLS = NO;
				SWIFT_APPROACHABLE_CONCURRENCY = YES;
				SWIFT_EMIT_LOC_STRINGS = NO;
				SWIFT_UPCOMING_FEATURE_MEMBER_IMPORT_VISIBILITY = YES;
				SWIFT_VERSION = 5.0;
				TARGETED_DEVICE_FAMILY = "1,2";
				TEST_TARGET_NAME = YentlMatchmaker;
			};
			name = Debug;
		};
		0E3169412FCB462700E0D195 /* Release */ = {
			isa = XCBuildConfiguration;
			buildSettings = {
				CODE_SIGN_STYLE = Automatic;
				CURRENT_PROJECT_VERSION = 1;
				GENERATE_INFOPLIST_FILE = YES;
				MARKETING_VERSION = 1.0;
				PRODUCT_BUNDLE_IDENTIFIER = com.yentl.YentlMatchmakerUITests;
				PRODUCT_NAME = "$(TARGET_NAME)";
				STRING_CATALOG_GENERATE_SYMBOLS = NO;
				SWIFT_APPROACHABLE_CONCURRENCY = YES;
				SWIFT_EMIT_LOC_STRINGS = NO;
				SWIFT_UPCOMING_FEATURE_MEMBER_IMPORT_VISIBILITY = YES;
				SWIFT_VERSION = 5.0;
				TARGETED_DEVICE_FAMILY = "1,2";
				TEST_TARGET_NAME = YentlMatchmaker;
			};
			name = Release;
		};
/* End XCBuildConfiguration section */

/* Begin XCConfigurationList section */
		0E3169132FCB462500E0D195 /* Build configuration list for PBXProject "YentlMatchmaker" */ = {
			isa = XCConfigurationList;
			buildConfigurations = (
				0E3169372FCB462700E0D195 /* Debug */,
				0E3169382FCB462700E0D195 /* Release */,
			);
			defaultConfigurationIsVisible = 0;
			defaultConfigurationName = Release;
		};
		0E3169392FCB462700E0D195 /* Build configuration list for PBXNativeTarget "YentlMatchmaker" */ = {
			isa = XCConfigurationList;
			buildConfigurations = (
				0E31693A2FCB462700E0D195 /* Debug */,
				0E31693B2FCB462700E0D195 /* Release */,
			);
			defaultConfigurationIsVisible = 0;
			defaultConfigurationName = Release;
		};
		0E31693C2FCB462700E0D195 /* Build configuration list for PBXNativeTarget "YentlMatchmakerTests" */ = {
			isa = XCConfigurationList;
			buildConfigurations = (
				0E31693D2FCB462700E0D195 /* Debug */,
				0E31693E2FCB462700E0D195 /* Release */,
			);
			defaultConfigurationIsVisible = 0;
			defaultConfigurationName = Release;
		};
		0E31693F2FCB462700E0D195 /* Build configuration list for PBXNativeTarget "YentlMatchmakerUITests" */ = {
			isa = XCConfigurationList;
			buildConfigurations = (
				0E3169402FCB462700E0D195 /* Debug */,
				0E3169412FCB462700E0D195 /* Release */,
			);
			defaultConfigurationIsVisible = 0;
			defaultConfigurationName = Release;
		};
/* End XCConfigurationList section */

/* Begin XCLocalSwiftPackageReference section */
		0E3169422FCB46C800E0D195 /* XCLocalSwiftPackageReference "../../shared" */ = {
			isa = XCLocalSwiftPackageReference;
			relativePath = ../../shared;
		};
/* End XCLocalSwiftPackageReference section */
	};
	rootObject = 0E3169102FCB462500E0D195 /* Project object */;
}
