// !$*UTF8*$!
{
	archiveVersion = 1;
	classes = {
	};
	objectVersion = 77;
	objects = {

/* Begin PBXBuildFile section */
		0E3169712FCB979800E0D195 /* YentlShared in Frameworks */ = {isa = PBXBuildFile; productRef = 0E3169702FCB979800E0D195 /* YentlShared */; };
		0EC7A7052FCC100100E0D195 /* StreamChat in Frameworks */ = {isa = PBXBuildFile; productRef = 0EC7A7032FCC100100E0D195 /* StreamChat */; };
		0EC7A7062FCC100100E0D195 /* StreamChatSwiftUI in Frameworks */ = {isa = PBXBuildFile; productRef = 0EC7A7042FCC100100E0D195 /* StreamChatSwiftUI */; };
		0EA051232FDA000100E0D195 /* OneSignalFramework in Frameworks */ = {isa = PBXBuildFile; productRef = 0EA051202FDA000100E0D195 /* OneSignalFramework */; };
		0EA051242FDA000100E0D195 /* OneSignalInAppMessages in Frameworks */ = {isa = PBXBuildFile; productRef = 0EA051212FDA000100E0D195 /* OneSignalInAppMessages */; };
		0EA051252FDA000100E0D195 /* OneSignalLocation in Frameworks */ = {isa = PBXBuildFile; productRef = 0EA051222FDA000100E0D195 /* OneSignalLocation */; };
		0EA0513B2FDA000200E0D195 /* OneSignalExtension in Frameworks */ = {isa = PBXBuildFile; productRef = 0EA051372FDA000200E0D195 /* OneSignalExtension */; };
		0EA0513D2FDA000200E0D195 /* OneSignalNotificationServiceExtension.appex in Embed Foundation Extensions */ = {isa = PBXBuildFile; fileRef = 0EA051302FDA000200E0D195 /* OneSignalNotificationServiceExtension.appex */; settings = {ATTRIBUTES = (RemoveHeadersOnCopy, ); }; };
/* End PBXBuildFile section */

/* Begin PBXContainerItemProxy section */
		0E3168E62FCB3BCD00E0D195 /* PBXContainerItemProxy */ = {
			isa = PBXContainerItemProxy;
			containerPortal = 0E3168D02FCB3BCB00E0D195 /* Project object */;
			proxyType = 1;
			remoteGlobalIDString = 0E3168D72FCB3BCB00E0D195;
			remoteInfo = Yentl;
		};
		0E3168F02FCB3BCD00E0D195 /* PBXContainerItemProxy */ = {
			isa = PBXContainerItemProxy;
			containerPortal = 0E3168D02FCB3BCB00E0D195 /* Project object */;
			proxyType = 1;
			remoteGlobalIDString = 0E3168D72FCB3BCB00E0D195;
			remoteInfo = Yentl;
		};
		0EA0513F2FDA000200E0D195 /* PBXContainerItemProxy */ = {
			isa = PBXContainerItemProxy;
			containerPortal = 0E3168D02FCB3BCB00E0D195 /* Project object */;
			proxyType = 1;
			remoteGlobalIDString = 0EA051332FDA000200E0D195;
			remoteInfo = OneSignalNotificationServiceExtension;
		};
/* End PBXContainerItemProxy section */

/* Begin PBXFileReference section */
		0E3168D82FCB3BCB00E0D195 /* Yentl.app */ = {isa = PBXFileReference; explicitFileType = wrapper.application; includeInIndex = 0; path = Yentl.app; sourceTree = BUILT_PRODUCTS_DIR; };
		0E3168E52FCB3BCD00E0D195 /* YentlTests.xctest */ = {isa = PBXFileReference; explicitFileType = wrapper.cfbundle; includeInIndex = 0; path = YentlTests.xctest; sourceTree = BUILT_PRODUCTS_DIR; };
		0E3168EF2FCB3BCD00E0D195 /* YentlUITests.xctest */ = {isa = PBXFileReference; explicitFileType = wrapper.cfbundle; includeInIndex = 0; path = YentlUITests.xctest; sourceTree = BUILT_PRODUCTS_DIR; };
		0EA051302FDA000200E0D195 /* OneSignalNotificationServiceExtension.appex */ = {isa = PBXFileReference; explicitFileType = "wrapper.app-extension"; includeInIndex = 0; path = OneSignalNotificationServiceExtension.appex; sourceTree = BUILT_PRODUCTS_DIR; };
/* End PBXFileReference section */

/* Begin PBXFileSystemSynchronizedBuildFileExceptionSet section */
		0E3169682FCB903A00E0D195 /* Exceptions for "Yentl" folder in "Yentl" target */ = {
			isa = PBXFileSystemSynchronizedBuildFileExceptionSet;
			membershipExceptions = (
				Info.plist,
				Yentl.entitlements,
			);
			target = 0E3168D72FCB3BCB00E0D195 /* Yentl */;
		};
		0EA051322FDA000200E0D195 /* Exceptions for "OneSignalNotificationServiceExtension" folder in "OneSignalNotificationServiceExtension" target */ = {
			isa = PBXFileSystemSynchronizedBuildFileExceptionSet;
			membershipExceptions = (
				Info.plist,
				OneSignalNotificationServiceExtension.entitlements,
			);
			target = 0EA051332FDA000200E0D195 /* OneSignalNotificationServiceExtension */;
		};
/* End PBXFileSystemSynchronizedBuildFileExceptionSet section */

/* Begin PBXFileSystemSynchronizedRootGroup section */
		0E3168DA2FCB3BCB00E0D195 /* Yentl */ = {
			isa = PBXFileSystemSynchronizedRootGroup;
			exceptions = (
				0E3169682FCB903A00E0D195 /* Exceptions for "Yentl" folder in "Yentl" target */,
			);
			path = Yentl;
			sourceTree = "<group>";
		};
		0E3168E82FCB3BCD00E0D195 /* YentlTests */ = {
			isa = PBXFileSystemSynchronizedRootGroup;
			path = YentlTests;
			sourceTree = "<group>";
		};
		0E3168F22FCB3BCD00E0D195 /* YentlUITests */ = {
			isa = PBXFileSystemSynchronizedRootGroup;
			path = YentlUITests;
			sourceTree = "<group>";
		};
		0EA051312FDA000200E0D195 /* OneSignalNotificationServiceExtension */ = {
			isa = PBXFileSystemSynchronizedRootGroup;
			exceptions = (
				0EA051322FDA000200E0D195 /* Exceptions for "OneSignalNotificationServiceExtension" folder in "OneSignalNotificationServiceExtension" target */,
			);
			path = OneSignalNotificationServiceExtension;
			sourceTree = "<group>";
		};
/* End PBXFileSystemSynchronizedRootGroup section */

/* Begin PBXFrameworksBuildPhase section */
		0E3168D52FCB3BCB00E0D195 /* Frameworks */ = {
			isa = PBXFrameworksBuildPhase;
			buildActionMask = 2147483647;
			files = (
				0E3169712FCB979800E0D195 /* YentlShared in Frameworks */,
				0EC7A7052FCC100100E0D195 /* StreamChat in Frameworks */,
				0EC7A7062FCC100100E0D195 /* StreamChatSwiftUI in Frameworks */,
				0EA051232FDA000100E0D195 /* OneSignalFramework in Frameworks */,
				0EA051242FDA000100E0D195 /* OneSignalInAppMessages in Frameworks */,
				0EA051252FDA000100E0D195 /* OneSignalLocation in Frameworks */,
			);
			runOnlyForDeploymentPostprocessing = 0;
		};
		0E3168E22FCB3BCD00E0D195 /* Frameworks */ = {
			isa = PBXFrameworksBuildPhase;
			buildActionMask = 2147483647;
			files = (
			);
			runOnlyForDeploymentPostprocessing = 0;
		};
		0E3168EC2FCB3BCD00E0D195 /* Frameworks */ = {
			isa = PBXFrameworksBuildPhase;
			buildActionMask = 2147483647;
			files = (
			);
			runOnlyForDeploymentPostprocessing = 0;
		};
		0EA051352FDA000200E0D195 /* Frameworks */ = {
			isa = PBXFrameworksBuildPhase;
			buildActionMask = 2147483647;
			files = (
				0EA0513B2FDA000200E0D195 /* OneSignalExtension in Frameworks */,
			);
			runOnlyForDeploymentPostprocessing = 0;
		};
/* End PBXFrameworksBuildPhase section */

/* Begin PBXCopyFilesBuildPhase section */
		0EA0513C2FDA000200E0D195 /* Embed Foundation Extensions */ = {
			isa = PBXCopyFilesBuildPhase;
			buildActionMask = 2147483647;
			dstPath = "";
			dstSubfolderSpec = 13;
			files = (
				0EA0513D2FDA000200E0D195 /* OneSignalNotificationServiceExtension.appex in Embed Foundation Extensions */,
			);
			name = "Embed Foundation Extensions";
			runOnlyForDeploymentPostprocessing = 0;
		};
/* End PBXCopyFilesBuildPhase section */

/* Begin PBXGroup section */
		0E3168CF2FCB3BCB00E0D195 = {
			isa = PBXGroup;
			children = (
				0E3168DA2FCB3BCB00E0D195 /* Yentl */,
				0EA051312FDA000200E0D195 /* OneSignalNotificationServiceExtension */,
				0E3168E82FCB3BCD00E0D195 /* YentlTests */,
				0E3168F22FCB3BCD00E0D195 /* YentlUITests */,
				0E3168D92FCB3BCB00E0D195 /* Products */,
			);
			sourceTree = "<group>";
		};
		0E3168D92FCB3BCB00E0D195 /* Products */ = {
			isa = PBXGroup;
			children = (
				0E3168D82FCB3BCB00E0D195 /* Yentl.app */,
				0E3168E52FCB3BCD00E0D195 /* YentlTests.xctest */,
				0E3168EF2FCB3BCD00E0D195 /* YentlUITests.xctest */,
				0EA051302FDA000200E0D195 /* OneSignalNotificationServiceExtension.appex */,
			);
			name = Products;
			sourceTree = "<group>";
		};
/* End PBXGroup section */

/* Begin PBXNativeTarget section */
		0E3168D72FCB3BCB00E0D195 /* Yentl */ = {
			isa = PBXNativeTarget;
			buildConfigurationList = 0E3168F92FCB3BCD00E0D195 /* Build configuration list for PBXNativeTarget "Yentl" */;
			buildPhases = (
				0E3168D42FCB3BCB00E0D195 /* Sources */,
				0E3168D52FCB3BCB00E0D195 /* Frameworks */,
				0E3168D62FCB3BCB00E0D195 /* Resources */,
				0EA0513C2FDA000200E0D195 /* Embed Foundation Extensions */,
			);
			buildRules = (
			);
			dependencies = (
				0EA0513E2FDA000200E0D195 /* PBXTargetDependency */,
			);
			fileSystemSynchronizedGroups = (
				0E3168DA2FCB3BCB00E0D195 /* Yentl */,
			);
			name = Yentl;
			packageProductDependencies = (
				0E3169702FCB979800E0D195 /* YentlShared */,
				0EC7A7032FCC100100E0D195 /* StreamChat */,
				0EC7A7042FCC100100E0D195 /* StreamChatSwiftUI */,
				0EA051202FDA000100E0D195 /* OneSignalFramework */,
				0EA051212FDA000100E0D195 /* OneSignalInAppMessages */,
				0EA051222FDA000100E0D195 /* OneSignalLocation */,
			);
			productName = Yentl;
			productReference = 0E3168D82FCB3BCB00E0D195 /* Yentl.app */;
			productType = "com.apple.product-type.application";
		};
		0E3168E42FCB3BCD00E0D195 /* YentlTests */ = {
			isa = PBXNativeTarget;
			buildConfigurationList = 0E3168FC2FCB3BCD00E0D195 /* Build configuration list for PBXNativeTarget "YentlTests" */;
			buildPhases = (
				0E3168E12FCB3BCD00E0D195 /* Sources */,
				0E3168E22FCB3BCD00E0D195 /* Frameworks */,
				0E3168E32FCB3BCD00E0D195 /* Resources */,
			);
			buildRules = (
			);
			dependencies = (
				0E3168E72FCB3BCD00E0D195 /* PBXTargetDependency */,
			);
			fileSystemSynchronizedGroups = (
				0E3168E82FCB3BCD00E0D195 /* YentlTests */,
			);
			name = YentlTests;
			packageProductDependencies = (
			);
			productName = YentlTests;
			productReference = 0E3168E52FCB3BCD00E0D195 /* YentlTests.xctest */;
			productType = "com.apple.product-type.bundle.unit-test";
		};
		0E3168EE2FCB3BCD00E0D195 /* YentlUITests */ = {
			isa = PBXNativeTarget;
			buildConfigurationList = 0E3168FF2FCB3BCD00E0D195 /* Build configuration list for PBXNativeTarget "YentlUITests" */;
			buildPhases = (
				0E3168EB2FCB3BCD00E0D195 /* Sources */,
				0E3168EC2FCB3BCD00E0D195 /* Frameworks */,
				0E3168ED2FCB3BCD00E0D195 /* Resources */,
			);
			buildRules = (
			);
			dependencies = (
				0E3168F12FCB3BCD00E0D195 /* PBXTargetDependency */,
			);
			fileSystemSynchronizedGroups = (
				0E3168F22FCB3BCD00E0D195 /* YentlUITests */,
			);
			name = YentlUITests;
			packageProductDependencies = (
			);
			productName = YentlUITests;
			productReference = 0E3168EF2FCB3BCD00E0D195 /* YentlUITests.xctest */;
			productType = "com.apple.product-type.bundle.ui-testing";
		};
		0EA051332FDA000200E0D195 /* OneSignalNotificationServiceExtension */ = {
			isa = PBXNativeTarget;
			buildConfigurationList = 0EA051382FDA000200E0D195 /* Build configuration list for PBXNativeTarget "OneSignalNotificationServiceExtension" */;
			buildPhases = (
				0EA051342FDA000200E0D195 /* Sources */,
				0EA051352FDA000200E0D195 /* Frameworks */,
				0EA051362FDA000200E0D195 /* Resources */,
			);
			buildRules = (
			);
			dependencies = (
			);
			fileSystemSynchronizedGroups = (
				0EA051312FDA000200E0D195 /* OneSignalNotificationServiceExtension */,
			);
			name = OneSignalNotificationServiceExtension;
			packageProductDependencies = (
				0EA051372FDA000200E0D195 /* OneSignalExtension */,
			);
			productName = OneSignalNotificationServiceExtension;
			productReference = 0EA051302FDA000200E0D195 /* OneSignalNotificationServiceExtension.appex */;
			productType = "com.apple.product-type.app-extension";
		};
/* End PBXNativeTarget section */

/* Begin PBXProject section */
		0E3168D02FCB3BCB00E0D195 /* Project object */ = {
			isa = PBXProject;
			attributes = {
				BuildIndependentTargetsInParallel = 1;
				LastSwiftUpdateCheck = 2650;
				LastUpgradeCheck = 2650;
				TargetAttributes = {
					0E3168D72FCB3BCB00E0D195 = {
						CreatedOnToolsVersion = 26.5;
					};
					0E3168E42FCB3BCD00E0D195 = {
						CreatedOnToolsVersion = 26.5;
						TestTargetID = 0E3168D72FCB3BCB00E0D195;
					};
					0E3168EE2FCB3BCD00E0D195 = {
						CreatedOnToolsVersion = 26.5;
						TestTargetID = 0E3168D72FCB3BCB00E0D195;
					};
				};
			};
			buildConfigurationList = 0E3168D32FCB3BCB00E0D195 /* Build configuration list for PBXProject "Yentl" */;
			developmentRegion = en;
			hasScannedForEncodings = 0;
			knownRegions = (
				en,
				Base,
			);
			mainGroup = 0E3168CF2FCB3BCB00E0D195;
			minimizedProjectReferenceProxies = 1;
			packageReferences = (
				0E31696F2FCB979800E0D195 /* XCLocalSwiftPackageReference "../../shared" */,
				0EC7A7012FCC100100E0D195 /* XCRemoteSwiftPackageReference "stream-chat-swift" */,
				0EC7A7022FCC100100E0D195 /* XCRemoteSwiftPackageReference "stream-chat-swiftui" */,
				0EA0511F2FDA000100E0D195 /* XCRemoteSwiftPackageReference "OneSignal-XCFramework" */,
			);
			preferredProjectObjectVersion = 77;
			productRefGroup = 0E3168D92FCB3BCB00E0D195 /* Products */;
			projectDirPath = "";
			projectRoot = "";
			targets = (
				0E3168D72FCB3BCB00E0D195 /* Yentl */,
				0EA051332FDA000200E0D195 /* OneSignalNotificationServiceExtension */,
				0E3168E42FCB3BCD00E0D195 /* YentlTests */,
				0E3168EE2FCB3BCD00E0D195 /* YentlUITests */,
			);
		};
/* End PBXProject section */

/* Begin PBXResourcesBuildPhase section */
		0E3168D62FCB3BCB00E0D195 /* Resources */ = {
			isa = PBXResourcesBuildPhase;
			buildActionMask = 2147483647;
			files = (
			);
			runOnlyForDeploymentPostprocessing = 0;
		};
		0E3168E32FCB3BCD00E0D195 /* Resources */ = {
			isa = PBXResourcesBuildPhase;
			buildActionMask = 2147483647;
			files = (
			);
			runOnlyForDeploymentPostprocessing = 0;
		};
		0E3168ED2FCB3BCD00E0D195 /* Resources */ = {
			isa = PBXResourcesBuildPhase;
			buildActionMask = 2147483647;
			files = (
			);
			runOnlyForDeploymentPostprocessing = 0;
		};
		0EA051362FDA000200E0D195 /* Resources */ = {
			isa = PBXResourcesBuildPhase;
			buildActionMask = 2147483647;
			files = (
			);
			runOnlyForDeploymentPostprocessing = 0;
		};
/* End PBXResourcesBuildPhase section */

/* Begin PBXSourcesBuildPhase section */
		0E3168D42FCB3BCB00E0D195 /* Sources */ = {
			isa = PBXSourcesBuildPhase;
			buildActionMask = 2147483647;
			files = (
			);
			runOnlyForDeploymentPostprocessing = 0;
		};
		0E3168E12FCB3BCD00E0D195 /* Sources */ = {
			isa = PBXSourcesBuildPhase;
			buildActionMask = 2147483647;
			files = (
			);
			runOnlyForDeploymentPostprocessing = 0;
		};
		0E3168EB2FCB3BCD00E0D195 /* Sources */ = {
			isa = PBXSourcesBuildPhase;
			buildActionMask = 2147483647;
			files = (
			);
			runOnlyForDeploymentPostprocessing = 0;
		};
		0EA051342FDA000200E0D195 /* Sources */ = {
			isa = PBXSourcesBuildPhase;
			buildActionMask = 2147483647;
			files = (
			);
			runOnlyForDeploymentPostprocessing = 0;
		};
/* End PBXSourcesBuildPhase section */

/* Begin PBXTargetDependency section */
		0E3168E72FCB3BCD00E0D195 /* PBXTargetDependency */ = {
			isa = PBXTargetDependency;
			target = 0E3168D72FCB3BCB00E0D195 /* Yentl */;
			targetProxy = 0E3168E62FCB3BCD00E0D195 /* PBXContainerItemProxy */;
		};
		0E3168F12FCB3BCD00E0D195 /* PBXTargetDependency */ = {
			isa = PBXTargetDependency;
			target = 0E3168D72FCB3BCB00E0D195 /* Yentl */;
			targetProxy = 0E3168F02FCB3BCD00E0D195 /* PBXContainerItemProxy */;
		};
		0EA0513E2FDA000200E0D195 /* PBXTargetDependency */ = {
			isa = PBXTargetDependency;
			target = 0EA051332FDA000200E0D195 /* OneSignalNotificationServiceExtension */;
			targetProxy = 0EA0513F2FDA000200E0D195 /* PBXContainerItemProxy */;
		};
/* End PBXTargetDependency section */

/* Begin XCBuildConfiguration section */
		0E3168F72FCB3BCD00E0D195 /* Debug */ = {
			isa = XCBuildConfiguration;
			buildSettings = {
				ALWAYS_SEARCH_USER_PATHS = NO;
				ASSETCATALOG_COMPILER_GENERATE_SWIFT_ASSET_SYMBOL_EXTENSIONS = YES;
				CLANG_ANALYZER_NONNULL = YES;
				CLANG_ANALYZER_NUMBER_OBJECT_CONVERSION = YES_AGGRESSIVE;
				CLANG_CXX_LANGUAGE_STANDARD = "gnu++20";
				CLANG_ENABLE_MODULES = YES;
				CLANG_ENABLE_OBJC_ARC = YES;
				CLANG_ENABLE_OBJC_WEAK = YES;
				CLANG_WARN_BLOCK_CAPTURE_AUTORELEASING = YES;
				CLANG_WARN_BOOL_CONVERSION = YES;
				CLANG_WARN_COMMA = YES;
				CLANG_WARN_CONSTANT_CONVERSION = YES;
				CLANG_WARN_DEPRECATED_OBJC_IMPLEMENTATIONS = YES;
				CLANG_WARN_DIRECT_OBJC_ISA_USAGE = YES_ERROR;
				CLANG_WARN_DOCUMENTATION_COMMENTS = YES;
				CLANG_WARN_EMPTY_BODY = YES;
				CLANG_WARN_ENUM_CONVERSION = YES;
				CLANG_WARN_INFINITE_RECURSION = YES;
				CLANG_WARN_INT_CONVERSION = YES;
				CLANG_WARN_NON_LITERAL_NULL_CONVERSION = YES;
				CLANG_WARN_OBJC_IMPLICIT_RETAIN_SELF = YES;
				CLANG_WARN_OBJC_LITERAL_CONVERSION = YES;
				CLANG_WARN_OBJC_ROOT_CLASS = YES_ERROR;
				CLANG_WARN_QUOTED_INCLUDE_IN_FRAMEWORK_HEADER = YES;
				CLANG_WARN_RANGE_LOOP_ANALYSIS = YES;
				CLANG_WARN_STRICT_PROTOTYPES = YES;
				CLANG_WARN_SUSPICIOUS_MOVE = YES;
				CLANG_WARN_UNGUARDED_AVAILABILITY = YES_AGGRESSIVE;
				CLANG_WARN_UNREACHABLE_CODE = YES;
				CLANG_WARN__DUPLICATE_METHOD_MATCH = YES;
				COPY_PHASE_STRIP = NO;
				DEBUG_INFORMATION_FORMAT = dwarf;
				ENABLE_STRICT_OBJC_MSGSEND = YES;
				ENABLE_TESTABILITY = YES;
				ENABLE_USER_SCRIPT_SANDBOXING = YES;
				GCC_C_LANGUAGE_STANDARD = gnu17;
				GCC_DYNAMIC_NO_PIC = NO;
				GCC_NO_COMMON_BLOCKS = YES;
				GCC_OPTIMIZATION_LEVEL = 0;
				GCC_PREPROCESSOR_DEFINITIONS = (
					"DEBUG=1",
					"$(inherited)",
				);
				GCC_WARN_64_TO_32_BIT_CONVERSION = YES;
				GCC_WARN_ABOUT_RETURN_TYPE = YES_ERROR;
				GCC_WARN_UNDECLARED_SELECTOR = YES;
				GCC_WARN_UNINITIALIZED_AUTOS = YES_AGGRESSIVE;
				GCC_WARN_UNUSED_FUNCTION = YES;
				GCC_WARN_UNUSED_VARIABLE = YES;
				IPHONEOS_DEPLOYMENT_TARGET = 26.5;
				LOCALIZATION_PREFERS_STRING_CATALOGS = YES;
				MTL_ENABLE_DEBUG_INFO = INCLUDE_SOURCE;
				MTL_FAST_MATH = YES;
				ONLY_ACTIVE_ARCH = YES;
				SDKROOT = iphoneos;
				SWIFT_ACTIVE_COMPILATION_CONDITIONS = "DEBUG $(inherited)";
				SWIFT_OPTIMIZATION_LEVEL = "-Onone";
			};
			name = Debug;
		};
		0E3168F82FCB3BCD00E0D195 /* Release */ = {
			isa = XCBuildConfiguration;
			buildSettings = {
				ALWAYS_SEARCH_USER_PATHS = NO;
				ASSETCATALOG_COMPILER_GENERATE_SWIFT_ASSET_SYMBOL_EXTENSIONS = YES;
				CLANG_ANALYZER_NONNULL = YES;
				CLANG_ANALYZER_NUMBER_OBJECT_CONVERSION = YES_AGGRESSIVE;
				CLANG_CXX_LANGUAGE_STANDARD = "gnu++20";
				CLANG_ENABLE_MODULES = YES;
				CLANG_ENABLE_OBJC_ARC = YES;
				CLANG_ENABLE_OBJC_WEAK = YES;
				CLANG_WARN_BLOCK_CAPTURE_AUTORELEASING = YES;
				CLANG_WARN_BOOL_CONVERSION = YES;
				CLANG_WARN_COMMA = YES;
				CLANG_WARN_CONSTANT_CONVERSION = YES;
				CLANG_WARN_DEPRECATED_OBJC_IMPLEMENTATIONS = YES;
				CLANG_WARN_DIRECT_OBJC_ISA_USAGE = YES_ERROR;
				CLANG_WARN_DOCUMENTATION_COMMENTS = YES;
				CLANG_WARN_EMPTY_BODY = YES;
				CLANG_WARN_ENUM_CONVERSION = YES;
				CLANG_WARN_INFINITE_RECURSION = YES;
				CLANG_WARN_INT_CONVERSION = YES;
				CLANG_WARN_NON_LITERAL_NULL_CONVERSION = YES;
				CLANG_WARN_OBJC_IMPLICIT_RETAIN_SELF = YES;
				CLANG_WARN_OBJC_LITERAL_CONVERSION = YES;
				CLANG_WARN_OBJC_ROOT_CLASS = YES_ERROR;
				CLANG_WARN_QUOTED_INCLUDE_IN_FRAMEWORK_HEADER = YES;
				CLANG_WARN_RANGE_LOOP_ANALYSIS = YES;
				CLANG_WARN_STRICT_PROTOTYPES = YES;
				CLANG_WARN_SUSPICIOUS_MOVE = YES;
				CLANG_WARN_UNGUARDED_AVAILABILITY = YES_AGGRESSIVE;
				CLANG_WARN_UNREACHABLE_CODE = YES;
				CLANG_WARN__DUPLICATE_METHOD_MATCH = YES;
				COPY_PHASE_STRIP = NO;
				DEBUG_INFORMATION_FORMAT = "dwarf-with-dsym";
				ENABLE_NS_ASSERTIONS = NO;
				ENABLE_STRICT_OBJC_MSGSEND = YES;
				ENABLE_USER_SCRIPT_SANDBOXING = YES;
				GCC_C_LANGUAGE_STANDARD = gnu17;
				GCC_NO_COMMON_BLOCKS = YES;
				GCC_WARN_64_TO_32_BIT_CONVERSION = YES;
				GCC_WARN_ABOUT_RETURN_TYPE = YES_ERROR;
				GCC_WARN_UNDECLARED_SELECTOR = YES;
				GCC_WARN_UNINITIALIZED_AUTOS = YES_AGGRESSIVE;
				GCC_WARN_UNUSED_FUNCTION = YES;
				GCC_WARN_UNUSED_VARIABLE = YES;
				IPHONEOS_DEPLOYMENT_TARGET = 26.5;
				LOCALIZATION_PREFERS_STRING_CATALOGS = YES;
				MTL_ENABLE_DEBUG_INFO = NO;
				MTL_FAST_MATH = YES;
				SDKROOT = iphoneos;
				SWIFT_COMPILATION_MODE = wholemodule;
				VALIDATE_PRODUCT = YES;
			};
			name = Release;
		};
		0E3168FA2FCB3BCD00E0D195 /* Debug */ = {
			isa = XCBuildConfiguration;
			buildSettings = {
				ASSETCATALOG_COMPILER_APPICON_NAME = AppIcon;
				ASSETCATALOG_COMPILER_GLOBAL_ACCENT_COLOR_NAME = AccentColor;
				CODE_SIGN_ENTITLEMENTS = Yentl/Yentl.entitlements;
				CODE_SIGN_ENTITLEMENTS = Yentl/Yentl.entitlements;
				CODE_SIGN_STYLE = Automatic;
				CURRENT_PROJECT_VERSION = 1;
				ENABLE_PREVIEWS = YES;
				GENERATE_INFOPLIST_FILE = YES;
				INFOPLIST_FILE = Yentl/Info.plist;
				INFOPLIST_KEY_UIApplicationSceneManifest_Generation = YES;
				INFOPLIST_KEY_UIApplicationSupportsIndirectInputEvents = YES;
				INFOPLIST_KEY_UILaunchScreen_Generation = YES;
				INFOPLIST_KEY_UISupportedInterfaceOrientations_iPad = "UIInterfaceOrientationPortrait UIInterfaceOrientationPortraitUpsideDown UIInterfaceOrientationLandscapeLeft UIInterfaceOrientationLandscapeRight";
				INFOPLIST_KEY_UISupportedInterfaceOrientations_iPhone = "UIInterfaceOrientationPortrait UIInterfaceOrientationLandscapeLeft UIInterfaceOrientationLandscapeRight";
				IPHONEOS_DEPLOYMENT_TARGET = 17.6;
				LD_RUNPATH_SEARCH_PATHS = (
					"$(inherited)",
					"@executable_path/Frameworks",
				);
				MARKETING_VERSION = 1.0;
				PRODUCT_BUNDLE_IDENTIFIER = com.yentl.app;
				PRODUCT_NAME = "$(TARGET_NAME)";
				STRING_CATALOG_GENERATE_SYMBOLS = YES;
				SWIFT_APPROACHABLE_CONCURRENCY = YES;
				SWIFT_DEFAULT_ACTOR_ISOLATION = MainActor;
				SWIFT_EMIT_LOC_STRINGS = YES;
				SWIFT_UPCOMING_FEATURE_MEMBER_IMPORT_VISIBILITY = YES;
				SWIFT_VERSION = 5.0;
				TARGETED_DEVICE_FAMILY = "1,2";
			};
			name = Debug;
		};
		0E3168FB2FCB3BCD00E0D195 /* Release */ = {
			isa = XCBuildConfiguration;
			buildSettings = {
				ASSETCATALOG_COMPILER_APPICON_NAME = AppIcon;
				ASSETCATALOG_COMPILER_GLOBAL_ACCENT_COLOR_NAME = AccentColor;
				CODE_SIGN_ENTITLEMENTS = Yentl/Yentl.entitlements;
				CODE_SIGN_ENTITLEMENTS = Yentl/Yentl.entitlements;
				CODE_SIGN_STYLE = Automatic;
				CURRENT_PROJECT_VERSION = 1;
				ENABLE_PREVIEWS = YES;
				GENERATE_INFOPLIST_FILE = YES;
				INFOPLIST_FILE = Yentl/Info.plist;
				INFOPLIST_KEY_UIApplicationSceneManifest_Generation = YES;
				INFOPLIST_KEY_UIApplicationSupportsIndirectInputEvents = YES;
				INFOPLIST_KEY_UILaunchScreen_Generation = YES;
				INFOPLIST_KEY_UISupportedInterfaceOrientations_iPad = "UIInterfaceOrientationPortrait UIInterfaceOrientationPortraitUpsideDown UIInterfaceOrientationLandscapeLeft UIInterfaceOrientationLandscapeRight";
				INFOPLIST_KEY_UISupportedInterfaceOrientations_iPhone = "UIInterfaceOrientationPortrait UIInterfaceOrientationLandscapeLeft UIInterfaceOrientationLandscapeRight";
				IPHONEOS_DEPLOYMENT_TARGET = 17.6;
				LD_RUNPATH_SEARCH_PATHS = (
					"$(inherited)",
					"@executable_path/Frameworks",
				);
				MARKETING_VERSION = 1.0;
				PRODUCT_BUNDLE_IDENTIFIER = com.yentl.app;
				PRODUCT_NAME = "$(TARGET_NAME)";
				STRING_CATALOG_GENERATE_SYMBOLS = YES;
				SWIFT_APPROACHABLE_CONCURRENCY = YES;
				SWIFT_DEFAULT_ACTOR_ISOLATION = MainActor;
				SWIFT_EMIT_LOC_STRINGS = YES;
				SWIFT_UPCOMING_FEATURE_MEMBER_IMPORT_VISIBILITY = YES;
				SWIFT_VERSION = 5.0;
				TARGETED_DEVICE_FAMILY = "1,2";
			};
			name = Release;
		};
		0E3168FD2FCB3BCD00E0D195 /* Debug */ = {
			isa = XCBuildConfiguration;
			buildSettings = {
				BUNDLE_LOADER = "$(TEST_HOST)";
				CODE_SIGN_STYLE = Automatic;
				CURRENT_PROJECT_VERSION = 1;
				GENERATE_INFOPLIST_FILE = YES;
				IPHONEOS_DEPLOYMENT_TARGET = 26.5;
				MARKETING_VERSION = 1.0;
				PRODUCT_BUNDLE_IDENTIFIER = com.yentl.YentlTests;
				PRODUCT_NAME = "$(TARGET_NAME)";
				STRING_CATALOG_GENERATE_SYMBOLS = NO;
				SWIFT_APPROACHABLE_CONCURRENCY = YES;
				SWIFT_EMIT_LOC_STRINGS = NO;
				SWIFT_UPCOMING_FEATURE_MEMBER_IMPORT_VISIBILITY = YES;
				SWIFT_VERSION = 5.0;
				TARGETED_DEVICE_FAMILY = "1,2";
				TEST_HOST = "$(BUILT_PRODUCTS_DIR)/Yentl.app/$(BUNDLE_EXECUTABLE_FOLDER_PATH)/Yentl";
			};
			name = Debug;
		};
		0E3168FE2FCB3BCD00E0D195 /* Release */ = {
			isa = XCBuildConfiguration;
			buildSettings = {
				BUNDLE_LOADER = "$(TEST_HOST)";
				CODE_SIGN_STYLE = Automatic;
				CURRENT_PROJECT_VERSION = 1;
				GENERATE_INFOPLIST_FILE = YES;
				IPHONEOS_DEPLOYMENT_TARGET = 26.5;
				MARKETING_VERSION = 1.0;
				PRODUCT_BUNDLE_IDENTIFIER = com.yentl.YentlTests;
				PRODUCT_NAME = "$(TARGET_NAME)";
				STRING_CATALOG_GENERATE_SYMBOLS = NO;
				SWIFT_APPROACHABLE_CONCURRENCY = YES;
				SWIFT_EMIT_LOC_STRINGS = NO;
				SWIFT_UPCOMING_FEATURE_MEMBER_IMPORT_VISIBILITY = YES;
				SWIFT_VERSION = 5.0;
				TARGETED_DEVICE_FAMILY = "1,2";
				TEST_HOST = "$(BUILT_PRODUCTS_DIR)/Yentl.app/$(BUNDLE_EXECUTABLE_FOLDER_PATH)/Yentl";
			};
			name = Release;
		};
		0E3169002FCB3BCD00E0D195 /* Debug */ = {
			isa = XCBuildConfiguration;
			buildSettings = {
				CODE_SIGN_STYLE = Automatic;
				CURRENT_PROJECT_VERSION = 1;
				GENERATE_INFOPLIST_FILE = YES;
				MARKETING_VERSION = 1.0;
				PRODUCT_BUNDLE_IDENTIFIER = com.yentl.YentlUITests;
				PRODUCT_NAME = "$(TARGET_NAME)";
				STRING_CATALOG_GENERATE_SYMBOLS = NO;
				SWIFT_APPROACHABLE_CONCURRENCY = YES;
				SWIFT_EMIT_LOC_STRINGS = NO;
				SWIFT_UPCOMING_FEATURE_MEMBER_IMPORT_VISIBILITY = YES;
				SWIFT_VERSION = 5.0;
				TARGETED_DEVICE_FAMILY = "1,2";
				TEST_TARGET_NAME = Yentl;
			};
			name = Debug;
		};
		0E3169012FCB3BCD00E0D195 /* Release */ = {
			isa = XCBuildConfiguration;
			buildSettings = {
				CODE_SIGN_STYLE = Automatic;
				CURRENT_PROJECT_VERSION = 1;
				GENERATE_INFOPLIST_FILE = YES;
				MARKETING_VERSION = 1.0;
				PRODUCT_BUNDLE_IDENTIFIER = com.yentl.YentlUITests;
				PRODUCT_NAME = "$(TARGET_NAME)";
				STRING_CATALOG_GENERATE_SYMBOLS = NO;
				SWIFT_APPROACHABLE_CONCURRENCY = YES;
				SWIFT_EMIT_LOC_STRINGS = NO;
				SWIFT_UPCOMING_FEATURE_MEMBER_IMPORT_VISIBILITY = YES;
				SWIFT_VERSION = 5.0;
				TARGETED_DEVICE_FAMILY = "1,2";
				TEST_TARGET_NAME = Yentl;
			};
			name = Release;
		};
		0EA051392FDA000200E0D195 /* Debug */ = {
			isa = XCBuildConfiguration;
			buildSettings = {
				CODE_SIGN_ENTITLEMENTS = OneSignalNotificationServiceExtension/OneSignalNotificationServiceExtension.entitlements;
				CODE_SIGN_STYLE = Automatic;
				CURRENT_PROJECT_VERSION = 1;
				GENERATE_INFOPLIST_FILE = YES;
				INFOPLIST_FILE = OneSignalNotificationServiceExtension/Info.plist;
				INFOPLIST_KEY_CFBundleDisplayName = OneSignalNotificationServiceExtension;
				INFOPLIST_KEY_NSHumanReadableCopyright = "";
				IPHONEOS_DEPLOYMENT_TARGET = 17.6;
				LD_RUNPATH_SEARCH_PATHS = (
					"$(inherited)",
					"@executable_path/Frameworks",
					"@executable_path/../../Frameworks",
				);
				MARKETING_VERSION = 1.0;
				PRODUCT_BUNDLE_IDENTIFIER = com.yentl.app.OneSignalNotificationServiceExtension;
				PRODUCT_NAME = "$(TARGET_NAME)";
				SKIP_INSTALL = YES;
				SWIFT_EMIT_LOC_STRINGS = YES;
				SWIFT_VERSION = 5.0;
				TARGETED_DEVICE_FAMILY = "1,2";
			};
			name = Debug;
		};
		0EA0513A2FDA000200E0D195 /* Release */ = {
			isa = XCBuildConfiguration;
			buildSettings = {
				CODE_SIGN_ENTITLEMENTS = OneSignalNotificationServiceExtension/OneSignalNotificationServiceExtension.entitlements;
				CODE_SIGN_STYLE = Automatic;
				CURRENT_PROJECT_VERSION = 1;
				GENERATE_INFOPLIST_FILE = YES;
				INFOPLIST_FILE = OneSignalNotificationServiceExtension/Info.plist;
				INFOPLIST_KEY_CFBundleDisplayName = OneSignalNotificationServiceExtension;
				INFOPLIST_KEY_NSHumanReadableCopyright = "";
				IPHONEOS_DEPLOYMENT_TARGET = 17.6;
				LD_RUNPATH_SEARCH_PATHS = (
					"$(inherited)",
					"@executable_path/Frameworks",
					"@executable_path/../../Frameworks",
				);
				MARKETING_VERSION = 1.0;
				PRODUCT_BUNDLE_IDENTIFIER = com.yentl.app.OneSignalNotificationServiceExtension;
				PRODUCT_NAME = "$(TARGET_NAME)";
				SKIP_INSTALL = YES;
				SWIFT_EMIT_LOC_STRINGS = YES;
				SWIFT_VERSION = 5.0;
				TARGETED_DEVICE_FAMILY = "1,2";
			};
			name = Release;
		};
/* End XCBuildConfiguration section */

/* Begin XCConfigurationList section */
		0E3168D32FCB3BCB00E0D195 /* Build configuration list for PBXProject "Yentl" */ = {
			isa = XCConfigurationList;
			buildConfigurations = (
				0E3168F72FCB3BCD00E0D195 /* Debug */,
				0E3168F82FCB3BCD00E0D195 /* Release */,
			);
			defaultConfigurationIsVisible = 0;
			defaultConfigurationName = Release;
		};
		0E3168F92FCB3BCD00E0D195 /* Build configuration list for PBXNativeTarget "Yentl" */ = {
			isa = XCConfigurationList;
			buildConfigurations = (
				0E3168FA2FCB3BCD00E0D195 /* Debug */,
				0E3168FB2FCB3BCD00E0D195 /* Release */,
			);
			defaultConfigurationIsVisible = 0;
			defaultConfigurationName = Release;
		};
		0E3168FC2FCB3BCD00E0D195 /* Build configuration list for PBXNativeTarget "YentlTests" */ = {
			isa = XCConfigurationList;
			buildConfigurations = (
				0E3168FD2FCB3BCD00E0D195 /* Debug */,
				0E3168FE2FCB3BCD00E0D195 /* Release */,
			);
			defaultConfigurationIsVisible = 0;
			defaultConfigurationName = Release;
		};
		0E3168FF2FCB3BCD00E0D195 /* Build configuration list for PBXNativeTarget "YentlUITests" */ = {
			isa = XCConfigurationList;
			buildConfigurations = (
				0E3169002FCB3BCD00E0D195 /* Debug */,
				0E3169012FCB3BCD00E0D195 /* Release */,
			);
			defaultConfigurationIsVisible = 0;
			defaultConfigurationName = Release;
		};
		0EA051382FDA000200E0D195 /* Build configuration list for PBXNativeTarget "OneSignalNotificationServiceExtension" */ = {
			isa = XCConfigurationList;
			buildConfigurations = (
				0EA051392FDA000200E0D195 /* Debug */,
				0EA0513A2FDA000200E0D195 /* Release */,
			);
			defaultConfigurationIsVisible = 0;
			defaultConfigurationName = Release;
		};
/* End XCConfigurationList section */

/* Begin XCLocalSwiftPackageReference section */
		0E31696F2FCB979800E0D195 /* XCLocalSwiftPackageReference "../../shared" */ = {
			isa = XCLocalSwiftPackageReference;
			relativePath = ../../shared;
		};
/* End XCLocalSwiftPackageReference section */

/* Begin XCRemoteSwiftPackageReference section */
		0EC7A7012FCC100100E0D195 /* XCRemoteSwiftPackageReference "stream-chat-swift" */ = {
			isa = XCRemoteSwiftPackageReference;
			repositoryURL = "https://github.com/GetStream/stream-chat-swift";
			requirement = {
				kind = upToNextMajorVersion;
				minimumVersion = 5.6.0;
			};
		};
		0EC7A7022FCC100100E0D195 /* XCRemoteSwiftPackageReference "stream-chat-swiftui" */ = {
			isa = XCRemoteSwiftPackageReference;
			repositoryURL = "https://github.com/GetStream/stream-chat-swiftui";
			requirement = {
				kind = upToNextMajorVersion;
				minimumVersion = 5.6.0;
			};
		};
		0EA0511F2FDA000100E0D195 /* XCRemoteSwiftPackageReference "OneSignal-XCFramework" */ = {
			isa = XCRemoteSwiftPackageReference;
			repositoryURL = "https://github.com/OneSignal/OneSignal-XCFramework";
			requirement = {
				kind = upToNextMajorVersion;
				minimumVersion = 5.2.0;
			};
		};
/* End XCRemoteSwiftPackageReference section */

/* Begin XCSwiftPackageProductDependency section */
		0E3169702FCB979800E0D195 /* YentlShared */ = {
			isa = XCSwiftPackageProductDependency;
			productName = YentlShared;
		};
		0EC7A7032FCC100100E0D195 /* StreamChat */ = {
			isa = XCSwiftPackageProductDependency;
			package = 0EC7A7012FCC100100E0D195 /* XCRemoteSwiftPackageReference "stream-chat-swift" */;
			productName = StreamChat;
		};
		0EC7A7042FCC100100E0D195 /* StreamChatSwiftUI */ = {
			isa = XCSwiftPackageProductDependency;
			package = 0EC7A7022FCC100100E0D195 /* XCRemoteSwiftPackageReference "stream-chat-swiftui" */;
			productName = StreamChatSwiftUI;
		};
		0EA051202FDA000100E0D195 /* OneSignalFramework */ = {
			isa = XCSwiftPackageProductDependency;
			package = 0EA0511F2FDA000100E0D195 /* XCRemoteSwiftPackageReference "OneSignal-XCFramework" */;
			productName = OneSignalFramework;
		};
		0EA051212FDA000100E0D195 /* OneSignalInAppMessages */ = {
			isa = XCSwiftPackageProductDependency;
			package = 0EA0511F2FDA000100E0D195 /* XCRemoteSwiftPackageReference "OneSignal-XCFramework" */;
			productName = OneSignalInAppMessages;
		};
		0EA051222FDA000100E0D195 /* OneSignalLocation */ = {
			isa = XCSwiftPackageProductDependency;
			package = 0EA0511F2FDA000100E0D195 /* XCRemoteSwiftPackageReference "OneSignal-XCFramework" */;
			productName = OneSignalLocation;
		};
		0EA051372FDA000200E0D195 /* OneSignalExtension */ = {
			isa = XCSwiftPackageProductDependency;
			package = 0EA0511F2FDA000100E0D195 /* XCRemoteSwiftPackageReference "OneSignal-XCFramework" */;
			productName = OneSignalExtension;
		};
/* End XCSwiftPackageProductDependency section */
	};
	rootObject = 0E3168D02FCB3BCB00E0D195 /* Project object */;
}
